github.com/JohnnyCPC/reservoir-sampling-go v0.0.0-20210413120450-01b4412033af h1:Fjkh6o9reKSTTyY8E7VaT/Hj0WHL91bk2lDRq1mZwuw=
github.com/JohnnyCPC/reservoir-sampling-go v0.0.0-20210413120450-01b4412033af/go.mod h1:WB52FP6w9aKCBBjVsm1ziXL+pYsrzTPgx2ST10DAOGE=
github.com/line/line-bot-sdk-go/v8 v8.2.0 h1:IFqwd3pKbA+o3pwV3nzamtWHt7n+ijSH3t/D8Q/vVQ0=
github.com/line/line-bot-sdk-go/v8 v8.2.0/go.mod h1:n9Ly8OHM6xCeQktLzRpQHe/yBda95kFgmQUefUQeFCs=
